
Microsoft Visual Studio Solution File, Format Version 12.00
# Visual Studio Version 16
VisualStudioVersion = 16.0.30804.86
MinimumVisualStudioVersion = 10.0.40219.1
Project("{9A19103F-16F7-4668-BE54-9A1E7A4F7556}") = "task-1", "task-1\task-1.csproj", "{BDC070DE-756B-4628-B499-B4E564C2117A}"
EndProject
Project("{FAE04EC0-301F-11D3-BF4B-00C04F79EFBC}") = "task-2", "task-2\task-2.csproj", "{36ED0097-5BE7-472E-A745-E68F0C317471}"
EndProject
Global
	GlobalSection(SolutionConfigurationPlatforms) = preSolution
		Debug|Any CPU = Debug|Any CPU
		Release|Any CPU = Release|Any CPU
	EndGlobalSection
	GlobalSection(ProjectConfigurationPlatforms) = postSolution
		{BDC070DE-756B-4628-B499-B4E564C2117A}.Debug|Any CPU.ActiveCfg = Debug|Any CPU
		{BDC070DE-756B-4628-B499-B4E564C2117A}.Debug|Any CPU.Build.0 = Debug|Any CPU
		{BDC070DE-756B-4628-B499-B4E564C2117A}.Release|Any CPU.ActiveCfg = Release|Any CPU
		{BDC070DE-756B-4628-B499-B4E564C2117A}.Release|Any CPU.Build.0 = Release|Any CPU
		{36ED0097-5BE7-472E-A745-E68F0C317471}.Debug|Any CPU.ActiveCfg = Debug|Any CPU
		{36ED0097-5BE7-472E-A745-E68F0C317471}.Debug|Any CPU.Build.0 = Debug|Any CPU
		{36ED0097-5BE7-472E-A745-E68F0C317471}.Release|Any CPU.ActiveCfg = Release|Any CPU
		{36ED0097-5BE7-472E-A745-E68F0C317471}.Release|Any CPU.Build.0 = Release|Any CPU
	EndGlobalSection
	GlobalSection(SolutionProperties) = preSolution
		HideSolutionNode = FALSE
	EndGlobalSection
	GlobalSection(ExtensibilityGlobals) = postSolution
		SolutionGuid = {1A84A55E-A6A2-4B7E-A77B-28430588F3A7}
	EndGlobalSection
EndGlobal
